// !$*UTF8*$!
{
	archiveVersion = 1;
	classes = {
	};
	objectVersion = 56;
	objects = {

/* Begin PBXBuildFile section */
		A5314DE92A4973A100438791 /* SwiftCSV in Frameworks */ = {isa = PBXBuildFile; productRef = A5314DE82A4973A100438791 /* SwiftCSV */; };
		A53877942A78AD4A00DD150C /* BookInfoRetriever.swift in Sources */ = {isa = PBXBuildFile; fileRef = A53877932A78AD4A00DD150C /* BookInfoRetriever.swift */; };
		A53877962A78B81300DD150C /* LookupView.swift in Sources */ = {isa = PBXBuildFile; fileRef = A53877952A78B81300DD150C /* LookupView.swift */; };
		A552DB412A273F0300BDB0EB /* AnnotatorView.swift in Sources */ = {isa = PBXBuildFile; fileRef = A552DB402A273F0300BDB0EB /* AnnotatorView.swift */; };
		A552DB462A275DC500BDB0EB /* Camera.swift in Sources */ = {isa = PBXBuildFile; fileRef = A552DB452A275DC500BDB0EB /* Camera.swift */; };
		A57C330A2A25ACBC00BB38A6 /* ReadingCompanionApp.swift in Sources */ = {isa = PBXBuildFile; fileRef = A57C33092A25ACBC00BB38A6 /* ReadingCompanionApp.swift */; };
		A57C330C2A25ACBC00BB38A6 /* HomeView.swift in Sources */ = {isa = PBXBuildFile; fileRef = A57C330B2A25ACBC00BB38A6 /* HomeView.swift */; };
		A57C330E2A25ACBF00BB38A6 /* Assets.xcassets in Resources */ = {isa = PBXBuildFile; fileRef = A57C330D2A25ACBF00BB38A6 /* Assets.xcassets */; };
		A57C33112A25ACBF00BB38A6 /* Preview Assets.xcassets in Resources */ = {isa = PBXBuildFile; fileRef = A57C33102A25ACBF00BB38A6 /* Preview Assets.xcassets */; };
		A57C331B2A25ACC000BB38A6 /* ReadingCompanionTests.swift in Sources */ = {isa = PBXBuildFile; fileRef = A57C331A2A25ACC000BB38A6 /* ReadingCompanionTests.swift */; };
		A57C33252A25ACC000BB38A6 /* ReadingCompanionUITests.swift in Sources */ = {isa = PBXBuildFile; fileRef = A57C33242A25ACC000BB38A6 /* ReadingCompanionUITests.swift */; };
		A57C33272A25ACC000BB38A6 /* ReadingCompanionUITestsLaunchTests.swift in Sources */ = {isa = PBXBuildFile; fileRef = A57C33262A25ACC000BB38A6 /* ReadingCompanionUITestsLaunchTests.swift */; };
		A5845A292A6F91CA00B0EE04 /* ImageSwipeView.swift in Sources */ = {isa = PBXBuildFile; fileRef = A5845A282A6F91CA00B0EE04 /* ImageSwipeView.swift */; };
		A5B8D0F42A419049005205AA /* PythonKit in Frameworks */ = {isa = PBXBuildFile; productRef = A5B8D0F32A419049005205AA /* PythonKit */; };
		A5CBDA002A342B0800439EE0 /* TextRecognitionModel.swift in Sources */ = {isa = PBXBuildFile; fileRef = A5CBD9FF2A342B0800439EE0 /* TextRecognitionModel.swift */; };
		A5CBDA022A342DBE00439EE0 /* ImageManipulator.swift in Sources */ = {isa = PBXBuildFile; fileRef = A5CBDA012A342DBE00439EE0 /* ImageManipulator.swift */; };
		A5E6ABB82A85E3F0006ABE02 /* BookInfo.swift in Sources */ = {isa = PBXBuildFile; fileRef = A5E6ABB72A85E3F0006ABE02 /* BookInfo.swift */; };
		A5F2BEDF2A6ED4FE00970314 /* DocumentCamera.swift in Sources */ = {isa = PBXBuildFile; fileRef = A5F2BEDE2A6ED4FE00970314 /* DocumentCamera.swift */; };
/* End PBXBuildFile section */

/* Begin PBXContainerItemProxy section */
		A57C33172A25ACC000BB38A6 /* PBXContainerItemProxy */ = {
			isa = PBXContainerItemProxy;
			containerPortal = A57C32FE2A25ACBC00BB38A6 /* Project object */;
			proxyType = 1;
			remoteGlobalIDString = A57C33052A25ACBC00BB38A6;
			remoteInfo = ReadingCompanion;
		};
		A57C33212A25ACC000BB38A6 /* PBXContainerItemProxy */ = {
			isa = PBXContainerItemProxy;
			containerPortal = A57C32FE2A25ACBC00BB38A6 /* Project object */;
			proxyType = 1;
			remoteGlobalIDString = A57C33052A25ACBC00BB38A6;
			remoteInfo = ReadingCompanion;
		};
/* End PBXContainerItemProxy section */

/* Begin PBXFileReference section */
		A53877932A78AD4A00DD150C /* BookInfoRetriever.swift */ = {isa = PBXFileReference; lastKnownFileType = sourcecode.swift; path = BookInfoRetriever.swift; sourceTree = "<group>"; };
		A53877952A78B81300DD150C /* LookupView.swift */ = {isa = PBXFileReference; lastKnownFileType = sourcecode.swift; path = LookupView.swift; sourceTree = "<group>"; };
		A552DB402A273F0300BDB0EB /* AnnotatorView.swift */ = {isa = PBXFileReference; lastKnownFileType = sourcecode.swift; path = AnnotatorView.swift; sourceTree = "<group>"; };
		A552DB422A274A3C00BDB0EB /* Info.plist */ = {isa = PBXFileReference; lastKnownFileType = text.plist; path = Info.plist; sourceTree = "<group>"; };
		A552DB452A275DC500BDB0EB /* Camera.swift */ = {isa = PBXFileReference; lastKnownFileType = sourcecode.swift; path = Camera.swift; sourceTree = "<group>"; };
		A57C33062A25ACBC00BB38A6 /* ReadingCompanion.app */ = {isa = PBXFileReference; explicitFileType = wrapper.application; includeInIndex = 0; path = ReadingCompanion.app; sourceTree = BUILT_PRODUCTS_DIR; };
		A57C33092A25ACBC00BB38A6 /* ReadingCompanionApp.swift */ = {isa = PBXFileReference; lastKnownFileType = sourcecode.swift; path = ReadingCompanionApp.swift; sourceTree = "<group>"; };
		A57C330B2A25ACBC00BB38A6 /* HomeView.swift */ = {isa = PBXFileReference; lastKnownFileType = sourcecode.swift; path = HomeView.swift; sourceTree = "<group>"; };
		A57C330D2A25ACBF00BB38A6 /* Assets.xcassets */ = {isa = PBXFileReference; lastKnownFileType = folder.assetcatalog; path = Assets.xcassets; sourceTree = "<group>"; };
		A57C33102A25ACBF00BB38A6 /* Preview Assets.xcassets */ = {isa = PBXFileReference; lastKnownFileType = folder.assetcatalog; path = "Preview Assets.xcassets"; sourceTree = "<group>"; };
		A57C33162A25ACC000BB38A6 /* ReadingCompanionTests.xctest */ = {isa = PBXFileReference; explicitFileType = wrapper.cfbundle; includeInIndex = 0; path = ReadingCompanionTests.xctest; sourceTree = BUILT_PRODUCTS_DIR; };
		A57C331A2A25ACC000BB38A6 /* ReadingCompanionTests.swift */ = {isa = PBXFileReference; lastKnownFileType = sourcecode.swift; path = ReadingCompanionTests.swift; sourceTree = "<group>"; };
		A57C33202A25ACC000BB38A6 /* ReadingCompanionUITests.xctest */ = {isa = PBXFileReference; explicitFileType = wrapper.cfbundle; includeInIndex = 0; path = ReadingCompanionUITests.xctest; sourceTree = BUILT_PRODUCTS_DIR; };
		A57C33242A25ACC000BB38A6 /* ReadingCompanionUITests.swift */ = {isa = PBXFileReference; lastKnownFileType = sourcecode.swift; path = ReadingCompanionUITests.swift; sourceTree = "<group>"; };
		A57C33262A25ACC000BB38A6 /* ReadingCompanionUITestsLaunchTests.swift */ = {isa = PBXFileReference; lastKnownFileType = sourcecode.swift; path = ReadingCompanionUITestsLaunchTests.swift; sourceTree = "<group>"; };
		A5845A282A6F91CA00B0EE04 /* ImageSwipeView.swift */ = {isa = PBXFileReference; lastKnownFileType = sourcecode.swift; path = ImageSwipeView.swift; sourceTree = "<group>"; };
		A5CBD9FF2A342B0800439EE0 /* TextRecognitionModel.swift */ = {isa = PBXFileReference; lastKnownFileType = sourcecode.swift; path = TextRecognitionModel.swift; sourceTree = "<group>"; };
		A5CBDA012A342DBE00439EE0 /* ImageManipulator.swift */ = {isa = PBXFileReference; lastKnownFileType = sourcecode.swift; path = ImageManipulator.swift; sourceTree = "<group>"; };
		A5E6ABB72A85E3F0006ABE02 /* BookInfo.swift */ = {isa = PBXFileReference; lastKnownFileType = sourcecode.swift; path = BookInfo.swift; sourceTree = "<group>"; };
		A5F2BEDE2A6ED4FE00970314 /* DocumentCamera.swift */ = {isa = PBXFileReference; lastKnownFileType = sourcecode.swift; path = DocumentCamera.swift; sourceTree = "<group>"; };
/* End PBXFileReference section */

/* Begin PBXFrameworksBuildPhase section */
		A57C33032A25ACBC00BB38A6 /* Frameworks */ = {
			isa = PBXFrameworksBuildPhase;
			buildActionMask = 2147483647;
			files = (
				A5B8D0F42A419049005205AA /* PythonKit in Frameworks */,
				A5314DE92A4973A100438791 /* SwiftCSV in Frameworks */,
			);
			runOnlyForDeploymentPostprocessing = 0;
		};
		A57C33132A25ACC000BB38A6 /* Frameworks */ = {
			isa = PBXFrameworksBuildPhase;
			buildActionMask = 2147483647;
			files = (
			);
			runOnlyForDeploymentPostprocessing = 0;
		};
		A57C331D2A25ACC000BB38A6 /* Frameworks */ = {
			isa = PBXFrameworksBuildPhase;
			buildActionMask = 2147483647;
			files = (
			);
			runOnlyForDeploymentPostprocessing = 0;
		};
/* End PBXFrameworksBuildPhase section */

/* Begin PBXGroup section */
		A57C32FD2A25ACBC00BB38A6 = {
			isa = PBXGroup;
			children = (
				A57C33082A25ACBC00BB38A6 /* ReadingCompanion */,
				A57C33192A25ACC000BB38A6 /* ReadingCompanionTests */,
				A57C33232A25ACC000BB38A6 /* ReadingCompanionUITests */,
				A57C33072A25ACBC00BB38A6 /* Products */,
			);
			sourceTree = "<group>";
		};
		A57C33072A25ACBC00BB38A6 /* Products */ = {
			isa = PBXGroup;
			children = (
				A57C33062A25ACBC00BB38A6 /* ReadingCompanion.app */,
				A57C33162A25ACC000BB38A6 /* ReadingCompanionTests.xctest */,
				A57C33202A25ACC000BB38A6 /* ReadingCompanionUITests.xctest */,
			);
			name = Products;
			sourceTree = "<group>";
		};
		A57C33082A25ACBC00BB38A6 /* ReadingCompanion */ = {
			isa = PBXGroup;
			children = (
				A552DB422A274A3C00BDB0EB /* Info.plist */,
				A57C33092A25ACBC00BB38A6 /* ReadingCompanionApp.swift */,
				A57C330B2A25ACBC00BB38A6 /* HomeView.swift */,
				A57C330D2A25ACBF00BB38A6 /* Assets.xcassets */,
				A57C330F2A25ACBF00BB38A6 /* Preview Content */,
				A552DB402A273F0300BDB0EB /* AnnotatorView.swift */,
				A552DB452A275DC500BDB0EB /* Camera.swift */,
				A5CBD9FF2A342B0800439EE0 /* TextRecognitionModel.swift */,
				A5CBDA012A342DBE00439EE0 /* ImageManipulator.swift */,
				A5F2BEDE2A6ED4FE00970314 /* DocumentCamera.swift */,
				A5845A282A6F91CA00B0EE04 /* ImageSwipeView.swift */,
				A53877932A78AD4A00DD150C /* BookInfoRetriever.swift */,
				A53877952A78B81300DD150C /* LookupView.swift */,
				A5E6ABB72A85E3F0006ABE02 /* BookInfo.swift */,
			);
			path = ReadingCompanion;
			sourceTree = "<group>";
		};
		A57C330F2A25ACBF00BB38A6 /* Preview Content */ = {
			isa = PBXGroup;
			children = (
				A57C33102A25ACBF00BB38A6 /* Preview Assets.xcassets */,
			);
			path = "Preview Content";
			sourceTree = "<group>";
		};
		A57C33192A25ACC000BB38A6 /* ReadingCompanionTests */ = {
			isa = PBXGroup;
			children = (
				A57C331A2A25ACC000BB38A6 /* ReadingCompanionTests.swift */,
			);
			path = ReadingCompanionTests;
			sourceTree = "<group>";
		};
		A57C33232A25ACC000BB38A6 /* ReadingCompanionUITests */ = {
			isa = PBXGroup;
			children = (
				A57C33242A25ACC000BB38A6 /* ReadingCompanionUITests.swift */,
				A57C33262A25ACC000BB38A6 /* ReadingCompanionUITestsLaunchTests.swift */,
			);
			path = ReadingCompanionUITests;
			sourceTree = "<group>";
		};
/* End PBXGroup section */

/* Begin PBXNativeTarget section */
		A57C33052A25ACBC00BB38A6 /* ReadingCompanion */ = {
			isa = PBXNativeTarget;
			buildConfigurationList = A57C332A2A25ACC000BB38A6 /* Build configuration list for PBXNativeTarget "ReadingCompanion" */;
			buildPhases = (
				A57C33022A25ACBC00BB38A6 /* Sources */,
				A57C33032A25ACBC00BB38A6 /* Frameworks */,
				A57C33042A25ACBC00BB38A6 /* Resources */,
			);
			buildRules = (
			);
			dependencies = (
			);
			name = ReadingCompanion;
			packageProductDependencies = (
				A5B8D0F32A419049005205AA /* PythonKit */,
				A5314DE82A4973A100438791 /* SwiftCSV */,
			);
			productName = ReadingCompanion;
			productReference = A57C33062A25ACBC00BB38A6 /* ReadingCompanion.app */;
			productType = "com.apple.product-type.application";
		};
		A57C33152A25ACC000BB38A6 /* ReadingCompanionTests */ = {
			isa = PBXNativeTarget;
			buildConfigurationList = A57C332D2A25ACC000BB38A6 /* Build configuration list for PBXNativeTarget "ReadingCompanionTests" */;
			buildPhases = (
				A57C33122A25ACC000BB38A6 /* Sources */,
				A57C33132A25ACC000BB38A6 /* Frameworks */,
				A57C33142A25ACC000BB38A6 /* Resources */,
			);
			buildRules = (
			);
			dependencies = (
				A57C33182A25ACC000BB38A6 /* PBXTargetDependency */,
			);
			name = ReadingCompanionTests;
			productName = ReadingCompanionTests;
			productReference = A57C33162A25ACC000BB38A6 /* ReadingCompanionTests.xctest */;
			productType = "com.apple.product-type.bundle.unit-test";
		};
		A57C331F2A25ACC000BB38A6 /* ReadingCompanionUITests */ = {
			isa = PBXNativeTarget;
			buildConfigurationList = A57C33302A25ACC000BB38A6 /* Build configuration list for PBXNativeTarget "ReadingCompanionUITests" */;
			buildPhases = (
				A57C331C2A25ACC000BB38A6 /* Sources */,
				A57C331D2A25ACC000BB38A6 /* Frameworks */,
				A57C331E2A25ACC000BB38A6 /* Resources */,
			);
			buildRules = (
			);
			dependencies = (
				A57C33222A25ACC000BB38A6 /* PBXTargetDependency */,
			);
			name = ReadingCompanionUITests;
			productName = ReadingCompanionUITests;
			productReference = A57C33202A25ACC000BB38A6 /* ReadingCompanionUITests.xctest */;
			productType = "com.apple.product-type.bundle.ui-testing";
		};
/* End PBXNativeTarget section */

/* Begin PBXProject section */
		A57C32FE2A25ACBC00BB38A6 /* Project object */ = {
			isa = PBXProject;
			attributes = {
				BuildIndependentTargetsInParallel = 1;
				LastSwiftUpdateCheck = 1420;
				LastUpgradeCheck = 1420;
				TargetAttributes = {
					A57C33052A25ACBC00BB38A6 = {
						CreatedOnToolsVersion = 14.2;
					};
					A57C33152A25ACC000BB38A6 = {
						CreatedOnToolsVersion = 14.2;
						TestTargetID = A57C33052A25ACBC00BB38A6;
					};
					A57C331F2A25ACC000BB38A6 = {
						CreatedOnToolsVersion = 14.2;
						TestTargetID = A57C33052A25ACBC00BB38A6;
					};
				};
			};
			buildConfigurationList = A57C33012A25ACBC00BB38A6 /* Build configuration list for PBXProject "ReadingCompanion" */;
			compatibilityVersion = "Xcode 14.0";
			developmentRegion = en;
			hasScannedForEncodings = 0;
			knownRegions = (
				en,
				Base,
			);
			mainGroup = A57C32FD2A25ACBC00BB38A6;
			packageReferences = (
				A5B8D0F22A419049005205AA /* XCRemoteSwiftPackageReference "PythonKit" */,
				A5314DE72A4973A100438791 /* XCRemoteSwiftPackageReference "SwiftCSV" */,
			);
			productRefGroup = A57C33072A25ACBC00BB38A6 /* Products */;
			projectDirPath = "";
			projectRoot = "";
			targets = (
				A57C33052A25ACBC00BB38A6 /* ReadingCompanion */,
				A57C33152A25ACC000BB38A6 /* ReadingCompanionTests */,
				A57C331F2A25ACC000BB38A6 /* ReadingCompanionUITests */,
			);
		};
/* End PBXProject section */

/* Begin PBXResourcesBuildPhase section */
		A57C33042A25ACBC00BB38A6 /* Resources */ = {
			isa = PBXResourcesBuildPhase;
			buildActionMask = 2147483647;
			files = (
				A57C33112A25ACBF00BB38A6 /* Preview Assets.xcassets in Resources */,
				A57C330E2A25ACBF00BB38A6 /* Assets.xcassets in Resources */,
			);
			runOnlyForDeploymentPostprocessing = 0;
		};
		A57C33142A25ACC000BB38A6 /* Resources */ = {
			isa = PBXResourcesBuildPhase;
			buildActionMask = 2147483647;
			files = (
			);
			runOnlyForDeploymentPostprocessing = 0;
		};
		A57C331E2A25ACC000BB38A6 /* Resources */ = {
			isa = PBXResourcesBuildPhase;
			buildActionMask = 2147483647;
			files = (
			);
			runOnlyForDeploymentPostprocessing = 0;
		};
/* End PBXResourcesBuildPhase section */

/* Begin PBXSourcesBuildPhase section */
		A57C33022A25ACBC00BB38A6 /* Sources */ = {
			isa = PBXSourcesBuildPhase;
			buildActionMask = 2147483647;
			files = (
				A57C330C2A25ACBC00BB38A6 /* HomeView.swift in Sources */,
				A5CBDA002A342B0800439EE0 /* TextRecognitionModel.swift in Sources */,
				A552DB462A275DC500BDB0EB /* Camera.swift in Sources */,
				A57C330A2A25ACBC00BB38A6 /* ReadingCompanionApp.swift in Sources */,
				A53877962A78B81300DD150C /* LookupView.swift in Sources */,
				A53877942A78AD4A00DD150C /* BookInfoRetriever.swift in Sources */,
				A5CBDA022A342DBE00439EE0 /* ImageManipulator.swift in Sources */,
				A5E6ABB82A85E3F0006ABE02 /* BookInfo.swift in Sources */,
				A5845A292A6F91CA00B0EE04 /* ImageSwipeView.swift in Sources */,
				A552DB412A273F0300BDB0EB /* AnnotatorView.swift in Sources */,
				A5F2BEDF2A6ED4FE00970314 /* DocumentCamera.swift in Sources */,
			);
			runOnlyForDeploymentPostprocessing = 0;
		};
		A57C33122A25ACC000BB38A6 /* Sources */ = {
			isa = PBXSourcesBuildPhase;
			buildActionMask = 2147483647;
			files = (
				A57C331B2A25ACC000BB38A6 /* ReadingCompanionTests.swift in Sources */,
			);
			runOnlyForDeploymentPostprocessing = 0;
		};
		A57C331C2A25ACC000BB38A6 /* Sources */ = {
			isa = PBXSourcesBuildPhase;
			buildActionMask = 2147483647;
			files = (
				A57C33272A25ACC000BB38A6 /* ReadingCompanionUITestsLaunchTests.swift in Sources */,
				A57C33252A25ACC000BB38A6 /* ReadingCompanionUITests.swift in Sources */,
			);
			runOnlyForDeploymentPostprocessing = 0;
		};
/* End PBXSourcesBuildPhase section */

/* Begin PBXTargetDependency section */
		A57C33182A25ACC000BB38A6 /* PBXTargetDependency */ = {
			isa = PBXTargetDependency;
			target = A57C33052A25ACBC00BB38A6 /* ReadingCompanion */;
			targetProxy = A57C33172A25ACC000BB38A6 /* PBXContainerItemProxy */;
		};
		A57C33222A25ACC000BB38A6 /* PBXTargetDependency */ = {
			isa = PBXTargetDependency;
			target = A57C33052A25ACBC00BB38A6 /* ReadingCompanion */;
			targetProxy = A57C33212A25ACC000BB38A6 /* PBXContainerItemProxy */;
		};
/* End PBXTargetDependency section */

/* Begin XCBuildConfiguration section */
		A57C33282A25ACC000BB38A6 /* Debug */ = {
			isa = XCBuildConfiguration;
			buildSettings = {
				ALWAYS_SEARCH_USER_PATHS = NO;
				CLANG_ANALYZER_NONNULL = YES;
				CLANG_ANALYZER_NUMBER_OBJECT_CONVERSION = YES_AGGRESSIVE;
				CLANG_CXX_LANGUAGE_STANDARD = "gnu++20";
				CLANG_ENABLE_MODULES = YES;
				CLANG_ENABLE_OBJC_ARC = YES;
				CLANG_ENABLE_OBJC_WEAK = YES;
				CLANG_WARN_BLOCK_CAPTURE_AUTORELEASING = YES;
				CLANG_WARN_BOOL_CONVERSION = YES;
				CLANG_WARN_COMMA = YES;
				CLANG_WARN_CONSTANT_CONVERSION = YES;
				CLANG_WARN_DEPRECATED_OBJC_IMPLEMENTATIONS = YES;
				CLANG_WARN_DIRECT_OBJC_ISA_USAGE = YES_ERROR;
				CLANG_WARN_DOCUMENTATION_COMMENTS = YES;
				CLANG_WARN_EMPTY_BODY = YES;
				CLANG_WARN_ENUM_CONVERSION = YES;
				CLANG_WARN_INFINITE_RECURSION = YES;
				CLANG_WARN_INT_CONVERSION = YES;
				CLANG_WARN_NON_LITERAL_NULL_CONVERSION = YES;
				CLANG_WARN_OBJC_IMPLICIT_RETAIN_SELF = YES;
				CLANG_WARN_OBJC_LITERAL_CONVERSION = YES;
				CLANG_WARN_OBJC_ROOT_CLASS = YES_ERROR;
				CLANG_WARN_QUOTED_INCLUDE_IN_FRAMEWORK_HEADER = YES;
				CLANG_WARN_RANGE_LOOP_ANALYSIS = YES;
				CLANG_WARN_STRICT_PROTOTYPES = YES;
				CLANG_WARN_SUSPICIOUS_MOVE = YES;
				CLANG_WARN_UNGUARDED_AVAILABILITY = YES_AGGRESSIVE;
				CLANG_WARN_UNREACHABLE_CODE = YES;
				CLANG_WARN__DUPLICATE_METHOD_MATCH = YES;
				COPY_PHASE_STRIP = NO;
				DEBUG_INFORMATION_FORMAT = dwarf;
				ENABLE_STRICT_OBJC_MSGSEND = YES;
				ENABLE_TESTABILITY = YES;
				GCC_C_LANGUAGE_STANDARD = gnu11;
				GCC_DYNAMIC_NO_PIC = NO;
				GCC_NO_COMMON_BLOCKS = YES;
				GCC_OPTIMIZATION_LEVEL = 0;
				GCC_PREPROCESSOR_DEFINITIONS = (
					"DEBUG=1",
					"$(inherited)",
				);
				GCC_WARN_64_TO_32_BIT_CONVERSION = YES;
				GCC_WARN_ABOUT_RETURN_TYPE = YES_ERROR;
				GCC_WARN_UNDECLARED_SELECTOR = YES;
				GCC_WARN_UNINITIALIZED_AUTOS = YES_AGGRESSIVE;
				GCC_WARN_UNUSED_FUNCTION = YES;
				GCC_WARN_UNUSED_VARIABLE = YES;
				IPHONEOS_DEPLOYMENT_TARGET = 16.2;
				MTL_ENABLE_DEBUG_INFO = INCLUDE_SOURCE;
				MTL_FAST_MATH = YES;
				ONLY_ACTIVE_ARCH = YES;
				SDKROOT = iphoneos;
				SWIFT_ACTIVE_COMPILATION_CONDITIONS = DEBUG;
				SWIFT_OPTIMIZATION_LEVEL = "-Onone";
			};
			name = Debug;
		};
		A57C33292A25ACC000BB38A6 /* Release */ = {
			isa = XCBuildConfiguration;
			buildSettings = {
				ALWAYS_SEARCH_USER_PATHS = NO;
				CLANG_ANALYZER_NONNULL = YES;
				CLANG_ANALYZER_NUMBER_OBJECT_CONVERSION = YES_AGGRESSIVE;
				CLANG_CXX_LANGUAGE_STANDARD = "gnu++20";
				CLANG_ENABLE_MODULES = YES;
				CLANG_ENABLE_OBJC_ARC = YES;
				CLANG_ENABLE_OBJC_WEAK = YES;
				CLANG_WARN_BLOCK_CAPTURE_AUTORELEASING = YES;
				CLANG_WARN_BOOL_CONVERSION = YES;
				CLANG_WARN_COMMA = YES;
				CLANG_WARN_CONSTANT_CONVERSION = YES;
				CLANG_WARN_DEPRECATED_OBJC_IMPLEMENTATIONS = YES;
				CLANG_WARN_DIRECT_OBJC_ISA_USAGE = YES_ERROR;
				CLANG_WARN_DOCUMENTATION_COMMENTS = YES;
				CLANG_WARN_EMPTY_BODY = YES;
				CLANG_WARN_ENUM_CONVERSION = YES;
				CLANG_WARN_INFINITE_RECURSION = YES;
				CLANG_WARN_INT_CONVERSION = YES;
				CLANG_WARN_NON_LITERAL_NULL_CONVERSION = YES;
				CLANG_WARN_OBJC_IMPLICIT_RETAIN_SELF = YES;
				CLANG_WARN_OBJC_LITERAL_CONVERSION = YES;
				CLANG_WARN_OBJC_ROOT_CLASS = YES_ERROR;
				CLANG_WARN_QUOTED_INCLUDE_IN_FRAMEWORK_HEADER = YES;
				CLANG_WARN_RANGE_LOOP_ANALYSIS = YES;
				CLANG_WARN_STRICT_PROTOTYPES = YES;
				CLANG_WARN_SUSPICIOUS_MOVE = YES;
				CLANG_WARN_UNGUARDED_AVAILABILITY = YES_AGGRESSIVE;
				CLANG_WARN_UNREACHABLE_CODE = YES;
				CLANG_WARN__DUPLICATE_METHOD_MATCH = YES;
				COPY_PHASE_STRIP = NO;
				DEBUG_INFORMATION_FORMAT = "dwarf-with-dsym";
				ENABLE_NS_ASSERTIONS = NO;
				ENABLE_STRICT_OBJC_MSGSEND = YES;
				GCC_C_LANGUAGE_STANDARD = gnu11;
				GCC_NO_COMMON_BLOCKS = YES;
				GCC_WARN_64_TO_32_BIT_CONVERSION = YES;
				GCC_WARN_ABOUT_RETURN_TYPE = YES_ERROR;
				GCC_WARN_UNDECLARED_SELECTOR = YES;
				GCC_WARN_UNINITIALIZED_AUTOS = YES_AGGRESSIVE;
				GCC_WARN_UNUSED_FUNCTION = YES;
				GCC_WARN_UNUSED_VARIABLE = YES;
				IPHONEOS_DEPLOYMENT_TARGET = 16.2;
				MTL_ENABLE_DEBUG_INFO = NO;
				MTL_FAST_MATH = YES;
				SDKROOT = iphoneos;
				SWIFT_COMPILATION_MODE = wholemodule;
				SWIFT_OPTIMIZATION_LEVEL = "-O";
				VALIDATE_PRODUCT = YES;
			};
			name = Release;
		};
		A57C332B2A25ACC000BB38A6 /* Debug */ = {
			isa = XCBuildConfiguration;
			buildSettings = {
				ASSETCATALOG_COMPILER_APPICON_NAME = AppIcon;
				ASSETCATALOG_COMPILER_GLOBAL_ACCENT_COLOR_NAME = AccentColor;
				CODE_SIGN_STYLE = Automatic;
				CURRENT_PROJECT_VERSION = 1;
				DEVELOPMENT_ASSET_PATHS = "\"ReadingCompanion/Preview Content\"";
				DEVELOPMENT_TEAM = BF2J2YQ22N;
				ENABLE_PREVIEWS = YES;
				GENERATE_INFOPLIST_FILE = YES;
				INFOPLIST_FILE = ReadingCompanion/Info.plist;
				INFOPLIST_KEY_NSCameraUsageDescription = "Allow ReadingCompanion to use your Camera?";
				INFOPLIST_KEY_UIApplicationSceneManifest_Generation = YES;
				INFOPLIST_KEY_UIApplicationSupportsIndirectInputEvents = YES;
				INFOPLIST_KEY_UILaunchScreen_Generation = YES;
				INFOPLIST_KEY_UISupportedInterfaceOrientations_iPad = "UIInterfaceOrientationPortrait UIInterfaceOrientationPortraitUpsideDown UIInterfaceOrientationLandscapeLeft UIInterfaceOrientationLandscapeRight";
				INFOPLIST_KEY_UISupportedInterfaceOrientations_iPhone = "UIInterfaceOrientationPortrait UIInterfaceOrientationLandscapeLeft UIInterfaceOrientationLandscapeRight";
				LD_RUNPATH_SEARCH_PATHS = (
					"$(inherited)",
					"@executable_path/Frameworks",
				);
				MARKETING_VERSION = 1.0;
				PRODUCT_BUNDLE_IDENTIFIER = "Jaiz-Jeeson.ReadingCompanion";
				PRODUCT_NAME = "$(TARGET_NAME)";
				SWIFT_EMIT_LOC_STRINGS = YES;
				SWIFT_VERSION = 5.0;
				TARGETED_DEVICE_FAMILY = "1,2";
			};
			name = Debug;
		};
		A57C332C2A25ACC000BB38A6 /* Release */ = {
			isa = XCBuildConfiguration;
			buildSettings = {
				ASSETCATALOG_COMPILER_APPICON_NAME = AppIcon;
				ASSETCATALOG_COMPILER_GLOBAL_ACCENT_COLOR_NAME = AccentColor;
				CODE_SIGN_STYLE = Automatic;
				CURRENT_PROJECT_VERSION = 1;
				DEVELOPMENT_ASSET_PATHS = "\"ReadingCompanion/Preview Content\"";
				DEVELOPMENT_TEAM = BF2J2YQ22N;
				ENABLE_PREVIEWS = YES;
				GENERATE_INFOPLIST_FILE = YES;
				INFOPLIST_FILE = ReadingCompanion/Info.plist;
				INFOPLIST_KEY_NSCameraUsageDescription = "Allow ReadingCompanion to use your Camera?";
				INFOPLIST_KEY_UIApplicationSceneManifest_Generation = YES;
				INFOPLIST_KEY_UIApplicationSupportsIndirectInputEvents = YES;
				INFOPLIST_KEY_UILaunchScreen_Generation = YES;
				INFOPLIST_KEY_UISupportedInterfaceOrientations_iPad = "UIInterfaceOrientationPortrait UIInterfaceOrientationPortraitUpsideDown UIInterfaceOrientationLandscapeLeft UIInterfaceOrientationLandscapeRight";
				INFOPLIST_KEY_UISupportedInterfaceOrientations_iPhone = "UIInterfaceOrientationPortrait UIInterfaceOrientationLandscapeLeft UIInterfaceOrientationLandscapeRight";
				LD_RUNPATH_SEARCH_PATHS = (
					"$(inherited)",
					"@executable_path/Frameworks",
				);
				MARKETING_VERSION = 1.0;
				PRODUCT_BUNDLE_IDENTIFIER = "Jaiz-Jeeson.ReadingCompanion";
				PRODUCT_NAME = "$(TARGET_NAME)";
				SWIFT_EMIT_LOC_STRINGS = YES;
				SWIFT_VERSION = 5.0;
				TARGETED_DEVICE_FAMILY = "1,2";
			};
			name = Release;
		};
		A57C332E2A25ACC000BB38A6 /* Debug */ = {
			isa = XCBuildConfiguration;
			buildSettings = {
				ALWAYS_EMBED_SWIFT_STANDARD_LIBRARIES = YES;
				BUNDLE_LOADER = "$(TEST_HOST)";
				CODE_SIGN_STYLE = Automatic;
				CURRENT_PROJECT_VERSION = 1;
				GENERATE_INFOPLIST_FILE = YES;
				IPHONEOS_DEPLOYMENT_TARGET = 16.2;
				MARKETING_VERSION = 1.0;
				PRODUCT_BUNDLE_IDENTIFIER = "Jaiz-Jeeson.ReadingCompanionTests";
				PRODUCT_NAME = "$(TARGET_NAME)";
				SWIFT_EMIT_LOC_STRINGS = NO;
				SWIFT_VERSION = 5.0;
				TARGETED_DEVICE_FAMILY = "1,2";
				TEST_HOST = "$(BUILT_PRODUCTS_DIR)/ReadingCompanion.app/$(BUNDLE_EXECUTABLE_FOLDER_PATH)/ReadingCompanion";
			};
			name = Debug;
		};
		A57C332F2A25ACC000BB38A6 /* Release */ = {
			isa = XCBuildConfiguration;
			buildSettings = {
				ALWAYS_EMBED_SWIFT_STANDARD_LIBRARIES = YES;
				BUNDLE_LOADER = "$(TEST_HOST)";
				CODE_SIGN_STYLE = Automatic;
				CURRENT_PROJECT_VERSION = 1;
				GENERATE_INFOPLIST_FILE = YES;
				IPHONEOS_DEPLOYMENT_TARGET = 16.2;
				MARKETING_VERSION = 1.0;
				PRODUCT_BUNDLE_IDENTIFIER = "Jaiz-Jeeson.ReadingCompanionTests";
				PRODUCT_NAME = "$(TARGET_NAME)";
				SWIFT_EMIT_LOC_STRINGS = NO;
				SWIFT_VERSION = 5.0;
				TARGETED_DEVICE_FAMILY = "1,2";
				TEST_HOST = "$(BUILT_PRODUCTS_DIR)/ReadingCompanion.app/$(BUNDLE_EXECUTABLE_FOLDER_PATH)/ReadingCompanion";
			};
			name = Release;
		};
		A57C33312A25ACC000BB38A6 /* Debug */ = {
			isa = XCBuildConfiguration;
			buildSettings = {
				ALWAYS_EMBED_SWIFT_STANDARD_LIBRARIES = YES;
				CODE_SIGN_STYLE = Automatic;
				CURRENT_PROJECT_VERSION = 1;
				GENERATE_INFOPLIST_FILE = YES;
				MARKETING_VERSION = 1.0;
				PRODUCT_BUNDLE_IDENTIFIER = "Jaiz-Jeeson.ReadingCompanionUITests";
				PRODUCT_NAME = "$(TARGET_NAME)";
				SWIFT_EMIT_LOC_STRINGS = NO;
				SWIFT_VERSION = 5.0;
				TARGETED_DEVICE_FAMILY = "1,2";
				TEST_TARGET_NAME = ReadingCompanion;
			};
			name = Debug;
		};
		A57C33322A25ACC000BB38A6 /* Release */ = {
			isa = XCBuildConfiguration;
			buildSettings = {
				ALWAYS_EMBED_SWIFT_STANDARD_LIBRARIES = YES;
				CODE_SIGN_STYLE = Automatic;
				CURRENT_PROJECT_VERSION = 1;
				GENERATE_INFOPLIST_FILE = YES;
				MARKETING_VERSION = 1.0;
				PRODUCT_BUNDLE_IDENTIFIER = "Jaiz-Jeeson.ReadingCompanionUITests";
				PRODUCT_NAME = "$(TARGET_NAME)";
				SWIFT_EMIT_LOC_STRINGS = NO;
				SWIFT_VERSION = 5.0;
				TARGETED_DEVICE_FAMILY = "1,2";
				TEST_TARGET_NAME = ReadingCompanion;
			};
			name = Release;
		};
/* End XCBuildConfiguration section */

/* Begin XCConfigurationList section */
		A57C33012A25ACBC00BB38A6 /* Build configuration list for PBXProject "ReadingCompanion" */ = {
			isa = XCConfigurationList;
			buildConfigurations = (
				A57C33282A25ACC000BB38A6 /* Debug */,
				A57C33292A25ACC000BB38A6 /* Release */,
			);
			defaultConfigurationIsVisible = 0;
			defaultConfigurationName = Release;
		};
		A57C332A2A25ACC000BB38A6 /* Build configuration list for PBXNativeTarget "ReadingCompanion" */ = {
			isa = XCConfigurationList;
			buildConfigurations = (
				A57C332B2A25ACC000BB38A6 /* Debug */,
				A57C332C2A25ACC000BB38A6 /* Release */,
			);
			defaultConfigurationIsVisible = 0;
			defaultConfigurationName = Release;
		};
		A57C332D2A25ACC000BB38A6 /* Build configuration list for PBXNativeTarget "ReadingCompanionTests" */ = {
			isa = XCConfigurationList;
			buildConfigurations = (
				A57C332E2A25ACC000BB38A6 /* Debug */,
				A57C332F2A25ACC000BB38A6 /* Release */,
			);
			defaultConfigurationIsVisible = 0;
			defaultConfigurationName = Release;
		};
		A57C33302A25ACC000BB38A6 /* Build configuration list for PBXNativeTarget "ReadingCompanionUITests" */ = {
			isa = XCConfigurationList;
			buildConfigurations = (
				A57C33312A25ACC000BB38A6 /* Debug */,
				A57C33322A25ACC000BB38A6 /* Release */,
			);
			defaultConfigurationIsVisible = 0;
			defaultConfigurationName = Release;
		};
/* End XCConfigurationList section */

/* Begin XCRemoteSwiftPackageReference section */
		A5314DE72A4973A100438791 /* XCRemoteSwiftPackageReference "SwiftCSV" */ = {
			isa = XCRemoteSwiftPackageReference;
			repositoryURL = "https://github.com/swiftcsv/SwiftCSV.git";
			requirement = {
				kind = upToNextMajorVersion;
				minimumVersion = 0.8.1;
			};
		};
		A5B8D0F22A419049005205AA /* XCRemoteSwiftPackageReference "PythonKit" */ = {
			isa = XCRemoteSwiftPackageReference;
			repositoryURL = "https://github.com/pvieito/PythonKit";
			requirement = {
				branch = master;
				kind = branch;
			};
		};
/* End XCRemoteSwiftPackageReference section */

/* Begin XCSwiftPackageProductDependency section */
		A5314DE82A4973A100438791 /* SwiftCSV */ = {
			isa = XCSwiftPackageProductDependency;
			package = A5314DE72A4973A100438791 /* XCRemoteSwiftPackageReference "SwiftCSV" */;
			productName = SwiftCSV;
		};
		A5B8D0F32A419049005205AA /* PythonKit */ = {
			isa = XCSwiftPackageProductDependency;
			package = A5B8D0F22A419049005205AA /* XCRemoteSwiftPackageReference "PythonKit" */;
			productName = PythonKit;
		};
/* End XCSwiftPackageProductDependency section */
	};
	rootObject = A57C32FE2A25ACBC00BB38A6 /* Project object */;
}
