{
  "pins" : [
    {
      "identity" : "pythonkit",
      "kind" : "remoteSourceControl",
      "location" : "https://github.com/pvieito/PythonKit",
      "state" : {
        "branch" : "master",
        "revision" : "060e1c8b0d14e4d241b3623fdbe83d0e3c81a993"
      }
    },
    {
      "identity" : "swift-collections",
      "kind" : "remoteSourceControl",
      "location" : "https://github.com/apple/swift-collections.git",
      "state" : {
        "revision" : "937e904258d22af6e447a0b72c0bc67583ef64a2",
        "version" : "1.0.4"
      }
    },
    {
      "identity" : "swiftcsv",
      "kind" : "remoteSourceControl",
      "location" : "https://github.com/swiftcsv/SwiftCSV.git",
      "state" : {
        "revision" : "96fa14b92e88e0befdbc8bc31c7c2c9594a30060",
        "version" : "0.8.1"
      }
    }
  ],
  "version" : 2
}
